// !$*UTF8*$!
{
	archiveVersion = 1;
	classes = {
	};
	objectVersion = 55;
	objects = {

/* Begin PBXBuildFile section */
		9D91DFB028A5408600FF40E6 /* AppDelegate.swift in Sources */ = {isa = PBXBuildFile; fileRef = 9D91DFAF28A5408600FF40E6 /* AppDelegate.swift */; };
		9D91DFB428A5408600FF40E6 /* MainView.swift in Sources */ = {isa = PBXBuildFile; fileRef = 9D91DFB328A5408600FF40E6 /* MainView.swift */; };
		9D91DFB928A5408700FF40E6 /* Assets.xcassets in Resources */ = {isa = PBXBuildFile; fileRef = 9D91DFB828A5408700FF40E6 /* Assets.xcassets */; };
		9D91DFBC28A5408700FF40E6 /* LaunchScreen.storyboard in Resources */ = {isa = PBXBuildFile; fileRef = 9D91DFBA28A5408700FF40E6 /* LaunchScreen.storyboard */; };
		9D91DFCD28A54B2700FF40E6 /* MainController.swift in Sources */ = {isa = PBXBuildFile; fileRef = 9D91DFCC28A54B2700FF40E6 /* MainController.swift */; };
/* End PBXBuildFile section */

/* Begin PBXFileReference section */
		9D91DFAC28A5408600FF40E6 /* HW21.app */ = {isa = PBXFileReference; explicitFileType = wrapper.application; includeInIndex = 0; path = HW21.app; sourceTree = BUILT_PRODUCTS_DIR; };
		9D91DFAF28A5408600FF40E6 /* AppDelegate.swift */ = {isa = PBXFileReference; lastKnownFileType = sourcecode.swift; path = AppDelegate.swift; sourceTree = "<group>"; };
		9D91DFB328A5408600FF40E6 /* MainView.swift */ = {isa = PBXFileReference; lastKnownFileType = sourcecode.swift; path = MainView.swift; sourceTree = "<group>"; };
		9D91DFB828A5408700FF40E6 /* Assets.xcassets */ = {isa = PBXFileReference; lastKnownFileType = folder.assetcatalog; path = Assets.xcassets; sourceTree = "<group>"; };
		9D91DFBB28A5408700FF40E6 /* Base */ = {isa = PBXFileReference; lastKnownFileType = file.storyboard; name = Base; path = Base.lproj/LaunchScreen.storyboard; sourceTree = "<group>"; };
		9D91DFBD28A5408700FF40E6 /* Info.plist */ = {isa = PBXFileReference; lastKnownFileType = text.plist.xml; path = Info.plist; sourceTree = "<group>"; };
		9D91DFCC28A54B2700FF40E6 /* MainController.swift */ = {isa = PBXFileReference; lastKnownFileType = sourcecode.swift; path = MainController.swift; sourceTree = "<group>"; };
/* End PBXFileReference section */

/* Begin PBXFrameworksBuildPhase section */
		9D91DFA928A5408600FF40E6 /* Frameworks */ = {
			isa = PBXFrameworksBuildPhase;
			buildActionMask = 2147483647;
			files = (
			);
			runOnlyForDeploymentPostprocessing = 0;
		};
/* End PBXFrameworksBuildPhase section */

/* Begin PBXGroup section */
		9D91DFA328A5408600FF40E6 = {
			isa = PBXGroup;
			children = (
				9D91DFAE28A5408600FF40E6 /* HW21 */,
				9D91DFAD28A5408600FF40E6 /* Products */,
			);
			sourceTree = "<group>";
		};
		9D91DFAD28A5408600FF40E6 /* Products */ = {
			isa = PBXGroup;
			children = (
				9D91DFAC28A5408600FF40E6 /* HW21.app */,
			);
			name = Products;
			sourceTree = "<group>";
		};
		9D91DFAE28A5408600FF40E6 /* HW21 */ = {
			isa = PBXGroup;
			children = (
				9D91DFC328A5410600FF40E6 /* Resource */,
				9D91DFC428A5411100FF40E6 /* Source */,
			);
			path = HW21;
			sourceTree = "<group>";
		};
		9D91DFC328A5410600FF40E6 /* Resource */ = {
			isa = PBXGroup;
			children = (
				9D91DFC628A5415D00FF40E6 /* Config */,
				9D91DFC528A5415500FF40E6 /* Storyboard */,
				9D91DFB828A5408700FF40E6 /* Assets.xcassets */,
			);
			path = Resource;
			sourceTree = "<group>";
		};
		9D91DFC428A5411100FF40E6 /* Source */ = {
			isa = PBXGroup;
			children = (
				9D91DFC828A5418000FF40E6 /* App */,
				9D91DFC728A5417600FF40E6 /* Scene */,
			);
			path = Source;
			sourceTree = "<group>";
		};
		9D91DFC528A5415500FF40E6 /* Storyboard */ = {
			isa = PBXGroup;
			children = (
				9D91DFBA28A5408700FF40E6 /* LaunchScreen.storyboard */,
			);
			path = Storyboard;
			sourceTree = "<group>";
		};
		9D91DFC628A5415D00FF40E6 /* Config */ = {
			isa = PBXGroup;
			children = (
				9D91DFBD28A5408700FF40E6 /* Info.plist */,
			);
			path = Config;
			sourceTree = "<group>";
		};
		9D91DFC728A5417600FF40E6 /* Scene */ = {
			isa = PBXGroup;
			children = (
				9D91DFCB28A541AA00FF40E6 /* Model */,
				9D91DFCA28A541A500FF40E6 /* View */,
				9D91DFC928A5419800FF40E6 /* Controller */,
			);
			path = Scene;
			sourceTree = "<group>";
		};
		9D91DFC828A5418000FF40E6 /* App */ = {
			isa = PBXGroup;
			children = (
				9D91DFAF28A5408600FF40E6 /* AppDelegate.swift */,
			);
			path = App;
			sourceTree = "<group>";
		};
		9D91DFC928A5419800FF40E6 /* Controller */ = {
			isa = PBXGroup;
			children = (
				9D91DFCC28A54B2700FF40E6 /* MainController.swift */,
			);
			path = Controller;
			sourceTree = "<group>";
		};
		9D91DFCA28A541A500FF40E6 /* View */ = {
			isa = PBXGroup;
			children = (
				9D91DFB328A5408600FF40E6 /* MainView.swift */,
			);
			path = View;
			sourceTree = "<group>";
		};
		9D91DFCB28A541AA00FF40E6 /* Model */ = {
			isa = PBXGroup;
			children = (
			);
			path = Model;
			sourceTree = "<group>";
		};
/* End PBXGroup section */

/* Begin PBXNativeTarget section */
		9D91DFAB28A5408600FF40E6 /* HW21 */ = {
			isa = PBXNativeTarget;
			buildConfigurationList = 9D91DFC028A5408700FF40E6 /* Build configuration list for PBXNativeTarget "HW21" */;
			buildPhases = (
				9D91DFA828A5408600FF40E6 /* Sources */,
				9D91DFA928A5408600FF40E6 /* Frameworks */,
				9D91DFAA28A5408600FF40E6 /* Resources */,
			);
			buildRules = (
			);
			dependencies = (
			);
			name = HW21;
			productName = HW21;
			productReference = 9D91DFAC28A5408600FF40E6 /* HW21.app */;
			productType = "com.apple.product-type.application";
		};
/* End PBXNativeTarget section */

/* Begin PBXProject section */
		9D91DFA428A5408600FF40E6 /* Project object */ = {
			isa = PBXProject;
			attributes = {
				BuildIndependentTargetsInParallel = 1;
				LastSwiftUpdateCheck = 1340;
				LastUpgradeCheck = 1340;
				TargetAttributes = {
					9D91DFAB28A5408600FF40E6 = {
						CreatedOnToolsVersion = 13.4.1;
					};
				};
			};
			buildConfigurationList = 9D91DFA728A5408600FF40E6 /* Build configuration list for PBXProject "HW21" */;
			compatibilityVersion = "Xcode 13.0";
			developmentRegion = en;
			hasScannedForEncodings = 0;
			knownRegions = (
				en,
				Base,
			);
			mainGroup = 9D91DFA328A5408600FF40E6;
			productRefGroup = 9D91DFAD28A5408600FF40E6 /* Products */;
			projectDirPath = "";
			projectRoot = "";
			targets = (
				9D91DFAB28A5408600FF40E6 /* HW21 */,
			);
		};
/* End PBXProject section */

/* Begin PBXResourcesBuildPhase section */
		9D91DFAA28A5408600FF40E6 /* Resources */ = {
			isa = PBXResourcesBuildPhase;
			buildActionMask = 2147483647;
			files = (
				9D91DFBC28A5408700FF40E6 /* LaunchScreen.storyboard in Resources */,
				9D91DFB928A5408700FF40E6 /* Assets.xcassets in Resources */,
			);
			runOnlyForDeploymentPostprocessing = 0;
		};
/* End PBXResourcesBuildPhase section */

/* Begin PBXSourcesBuildPhase section */
		9D91DFA828A5408600FF40E6 /* Sources */ = {
			isa = PBXSourcesBuildPhase;
			buildActionMask = 2147483647;
			files = (
				9D91DFCD28A54B2700FF40E6 /* MainController.swift in Sources */,
				9D91DFB428A5408600FF40E6 /* MainView.swift in Sources */,
				9D91DFB028A5408600FF40E6 /* AppDelegate.swift in Sources */,
			);
			runOnlyForDeploymentPostprocessing = 0;
		};
/* End PBXSourcesBuildPhase section */

/* Begin PBXVariantGroup section */
		9D91DFBA28A5408700FF40E6 /* LaunchScreen.storyboard */ = {
			isa = PBXVariantGroup;
			children = (
				9D91DFBB28A5408700FF40E6 /* Base */,
			);
			name = LaunchScreen.storyboard;
			sourceTree = "<group>";
		};
/* End PBXVariantGroup section */

/* Begin XCBuildConfiguration section */
		9D91DFBE28A5408700FF40E6 /* Debug */ = {
			isa = XCBuildConfiguration;
			buildSettings = {
				ALWAYS_SEARCH_USER_PATHS = NO;
				CLANG_ANALYZER_NONNULL = YES;
				CLANG_ANALYZER_NUMBER_OBJECT_CONVERSION = YES_AGGRESSIVE;
				CLANG_CXX_LANGUAGE_STANDARD = "gnu++17";
				CLANG_ENABLE_MODULES = YES;
				CLANG_ENABLE_OBJC_ARC = YES;
				CLANG_ENABLE_OBJC_WEAK = YES;
				CLANG_WARN_BLOCK_CAPTURE_AUTORELEASING = YES;
				CLANG_WARN_BOOL_CONVERSION = YES;
				CLANG_WARN_COMMA = YES;
				CLANG_WARN_CONSTANT_CONVERSION = YES;
				CLANG_WARN_DEPRECATED_OBJC_IMPLEMENTATIONS = YES;
				CLANG_WARN_DIRECT_OBJC_ISA_USAGE = YES_ERROR;
				CLANG_WARN_DOCUMENTATION_COMMENTS = YES;
				CLANG_WARN_EMPTY_BODY = YES;
				CLANG_WARN_ENUM_CONVERSION = YES;
				CLANG_WARN_INFINITE_RECURSION = YES;
				CLANG_WARN_INT_CONVERSION = YES;
				CLANG_WARN_NON_LITERAL_NULL_CONVERSION = YES;
				CLANG_WARN_OBJC_IMPLICIT_RETAIN_SELF = YES;
				CLANG_WARN_OBJC_LITERAL_CONVERSION = YES;
				CLANG_WARN_OBJC_ROOT_CLASS = YES_ERROR;
				CLANG_WARN_QUOTED_INCLUDE_IN_FRAMEWORK_HEADER = YES;
				CLANG_WARN_RANGE_LOOP_ANALYSIS = YES;
				CLANG_WARN_STRICT_PROTOTYPES = YES;
				CLANG_WARN_SUSPICIOUS_MOVE = YES;
				CLANG_WARN_UNGUARDED_AVAILABILITY = YES_AGGRESSIVE;
				CLANG_WARN_UNREACHABLE_CODE = YES;
				CLANG_WARN__DUPLICATE_METHOD_MATCH = YES;
				COPY_PHASE_STRIP = NO;
				DEBUG_INFORMATION_FORMAT = dwarf;
				ENABLE_STRICT_OBJC_MSGSEND = YES;
				ENABLE_TESTABILITY = YES;
				GCC_C_LANGUAGE_STANDARD = gnu11;
				GCC_DYNAMIC_NO_PIC = NO;
				GCC_NO_COMMON_BLOCKS = YES;
				GCC_OPTIMIZATION_LEVEL = 0;
				GCC_PREPROCESSOR_DEFINITIONS = (
					"DEBUG=1",
					"$(inherited)",
				);
				GCC_WARN_64_TO_32_BIT_CONVERSION = YES;
				GCC_WARN_ABOUT_RETURN_TYPE = YES_ERROR;
				GCC_WARN_UNDECLARED_SELECTOR = YES;
				GCC_WARN_UNINITIALIZED_AUTOS = YES_AGGRESSIVE;
				GCC_WARN_UNUSED_FUNCTION = YES;
				GCC_WARN_UNUSED_VARIABLE = YES;
				IPHONEOS_DEPLOYMENT_TARGET = 15.5;
				MTL_ENABLE_DEBUG_INFO = INCLUDE_SOURCE;
				MTL_FAST_MATH = YES;
				ONLY_ACTIVE_ARCH = YES;
				SDKROOT = iphoneos;
				SWIFT_ACTIVE_COMPILATION_CONDITIONS = DEBUG;
				SWIFT_OPTIMIZATION_LEVEL = "-Onone";
			};
			name = Debug;
		};
		9D91DFBF28A5408700FF40E6 /* Release */ = {
			isa = XCBuildConfiguration;
			buildSettings = {
				ALWAYS_SEARCH_USER_PATHS = NO;
				CLANG_ANALYZER_NONNULL = YES;
				CLANG_ANALYZER_NUMBER_OBJECT_CONVERSION = YES_AGGRESSIVE;
				CLANG_CXX_LANGUAGE_STANDARD = "gnu++17";
				CLANG_ENABLE_MODULES = YES;
				CLANG_ENABLE_OBJC_ARC = YES;
				CLANG_ENABLE_OBJC_WEAK = YES;
				CLANG_WARN_BLOCK_CAPTURE_AUTORELEASING = YES;
				CLANG_WARN_BOOL_CONVERSION = YES;
				CLANG_WARN_COMMA = YES;
				CLANG_WARN_CONSTANT_CONVERSION = YES;
				CLANG_WARN_DEPRECATED_OBJC_IMPLEMENTATIONS = YES;
				CLANG_WARN_DIRECT_OBJC_ISA_USAGE = YES_ERROR;
				CLANG_WARN_DOCUMENTATION_COMMENTS = YES;
				CLANG_WARN_EMPTY_BODY = YES;
				CLANG_WARN_ENUM_CONVERSION = YES;
				CLANG_WARN_INFINITE_RECURSION = YES;
				CLANG_WARN_INT_CONVERSION = YES;
				CLANG_WARN_NON_LITERAL_NULL_CONVERSION = YES;
				CLANG_WARN_OBJC_IMPLICIT_RETAIN_SELF = YES;
				CLANG_WARN_OBJC_LITERAL_CONVERSION = YES;
				CLANG_WARN_OBJC_ROOT_CLASS = YES_ERROR;
				CLANG_WARN_QUOTED_INCLUDE_IN_FRAMEWORK_HEADER = YES;
				CLANG_WARN_RANGE_LOOP_ANALYSIS = YES;
				CLANG_WARN_STRICT_PROTOTYPES = YES;
				CLANG_WARN_SUSPICIOUS_MOVE = YES;
				CLANG_WARN_UNGUARDED_AVAILABILITY = YES_AGGRESSIVE;
				CLANG_WARN_UNREACHABLE_CODE = YES;
				CLANG_WARN__DUPLICATE_METHOD_MATCH = YES;
				COPY_PHASE_STRIP = NO;
				DEBUG_INFORMATION_FORMAT = "dwarf-with-dsym";
				ENABLE_NS_ASSERTIONS = NO;
				ENABLE_STRICT_OBJC_MSGSEND = YES;
				GCC_C_LANGUAGE_STANDARD = gnu11;
				GCC_NO_COMMON_BLOCKS = YES;
				GCC_WARN_64_TO_32_BIT_CONVERSION = YES;
				GCC_WARN_ABOUT_RETURN_TYPE = YES_ERROR;
				GCC_WARN_UNDECLARED_SELECTOR = YES;
				GCC_WARN_UNINITIALIZED_AUTOS = YES_AGGRESSIVE;
				GCC_WARN_UNUSED_FUNCTION = YES;
				GCC_WARN_UNUSED_VARIABLE = YES;
				IPHONEOS_DEPLOYMENT_TARGET = 15.5;
				MTL_ENABLE_DEBUG_INFO = NO;
				MTL_FAST_MATH = YES;
				SDKROOT = iphoneos;
				SWIFT_COMPILATION_MODE = wholemodule;
				SWIFT_OPTIMIZATION_LEVEL = "-O";
				VALIDATE_PRODUCT = YES;
			};
			name = Release;
		};
		9D91DFC128A5408700FF40E6 /* Debug */ = {
			isa = XCBuildConfiguration;
			buildSettings = {
				ASSETCATALOG_COMPILER_APPICON_NAME = AppIcon;
				ASSETCATALOG_COMPILER_GLOBAL_ACCENT_COLOR_NAME = AccentColor;
				CODE_SIGN_STYLE = Automatic;
				CURRENT_PROJECT_VERSION = 1;
				GENERATE_INFOPLIST_FILE = YES;
				INFOPLIST_FILE = HW21/Resource/Config/Info.plist;
				INFOPLIST_KEY_UIApplicationSupportsIndirectInputEvents = YES;
				INFOPLIST_KEY_UILaunchStoryboardName = LaunchScreen;
				INFOPLIST_KEY_UISupportedInterfaceOrientations = "";
				INFOPLIST_KEY_UISupportedInterfaceOrientations_iPad = "UIInterfaceOrientationPortrait UIInterfaceOrientationPortraitUpsideDown UIInterfaceOrientationLandscapeLeft UIInterfaceOrientationLandscapeRight";
				INFOPLIST_KEY_UISupportedInterfaceOrientations_iPhone = "UIInterfaceOrientationPortrait UIInterfaceOrientationLandscapeLeft UIInterfaceOrientationLandscapeRight";
				LD_RUNPATH_SEARCH_PATHS = (
					"$(inherited)",
					"@executable_path/Frameworks",
				);
				MARKETING_VERSION = 1.0;
				PRODUCT_BUNDLE_IDENTIFIER = com.mobdevfactory.HW21;
				PRODUCT_NAME = "$(TARGET_NAME)";
				SWIFT_EMIT_LOC_STRINGS = YES;
				SWIFT_VERSION = 5.0;
				TARGETED_DEVICE_FAMILY = 1;
			};
			name = Debug;
		};
		9D91DFC228A5408700FF40E6 /* Release */ = {
			isa = XCBuildConfiguration;
			buildSettings = {
				ASSETCATALOG_COMPILER_APPICON_NAME = AppIcon;
				ASSETCATALOG_COMPILER_GLOBAL_ACCENT_COLOR_NAME = AccentColor;
				CODE_SIGN_STYLE = Automatic;
				CURRENT_PROJECT_VERSION = 1;
				GENERATE_INFOPLIST_FILE = YES;
				INFOPLIST_FILE = HW21/Resource/Config/Info.plist;
				INFOPLIST_KEY_UIApplicationSupportsIndirectInputEvents = YES;
				INFOPLIST_KEY_UILaunchStoryboardName = LaunchScreen;
				INFOPLIST_KEY_UISupportedInterfaceOrientations = "";
				INFOPLIST_KEY_UISupportedInterfaceOrientations_iPad = "UIInterfaceOrientationPortrait UIInterfaceOrientationPortraitUpsideDown UIInterfaceOrientationLandscapeLeft UIInterfaceOrientationLandscapeRight";
				INFOPLIST_KEY_UISupportedInterfaceOrientations_iPhone = "UIInterfaceOrientationPortrait UIInterfaceOrientationLandscapeLeft UIInterfaceOrientationLandscapeRight";
				LD_RUNPATH_SEARCH_PATHS = (
					"$(inherited)",
					"@executable_path/Frameworks",
				);
				MARKETING_VERSION = 1.0;
				PRODUCT_BUNDLE_IDENTIFIER = com.mobdevfactory.HW21;
				PRODUCT_NAME = "$(TARGET_NAME)";
				SWIFT_EMIT_LOC_STRINGS = YES;
				SWIFT_VERSION = 5.0;
				TARGETED_DEVICE_FAMILY = 1;
			};
			name = Release;
		};
/* End XCBuildConfiguration section */

/* Begin XCConfigurationList section */
		9D91DFA728A5408600FF40E6 /* Build configuration list for PBXProject "HW21" */ = {
			isa = XCConfigurationList;
			buildConfigurations = (
				9D91DFBE28A5408700FF40E6 /* Debug */,
				9D91DFBF28A5408700FF40E6 /* Release */,
			);
			defaultConfigurationIsVisible = 0;
			defaultConfigurationName = Release;
		};
		9D91DFC028A5408700FF40E6 /* Build configuration list for PBXNativeTarget "HW21" */ = {
			isa = XCConfigurationList;
			buildConfigurations = (
				9D91DFC128A5408700FF40E6 /* Debug */,
				9D91DFC228A5408700FF40E6 /* Release */,
			);
			defaultConfigurationIsVisible = 0;
			defaultConfigurationName = Release;
		};
/* End XCConfigurationList section */
	};
	rootObject = 9D91DFA428A5408600FF40E6 /* Project object */;
}
